
Microsoft Visual Studio Solution File, Format Version 12.00
# Visual Studio Version 17
VisualStudioVersion = 17.2.32630.192
MinimumVisualStudioVersion = 10.0.40219.1
Project("{FAE04EC0-301F-11D3-BF4B-00C04F79EFBC}") = "RebarProject", "RebarProject.csproj", "{65822C52-F9FF-4211-AA0E-EA896CB82FBC}"
EndProject
Global
	GlobalSection(SolutionConfigurationPlatforms) = preSolution
		Debug|Any CPU = Debug|Any CPU
		Release|Any CPU = Release|Any CPU
	EndGlobalSection
	GlobalSection(ProjectConfigurationPlatforms) = postSolution
		{65822C52-F9FF-4211-AA0E-EA896CB82FBC}.Debug|Any CPU.ActiveCfg = Debug|Any CPU
		{65822C52-F9FF-4211-AA0E-EA896CB82FBC}.Debug|Any CPU.Build.0 = Debug|Any CPU
		{65822C52-F9FF-4211-AA0E-EA896CB82FBC}.Release|Any CPU.ActiveCfg = Release|Any CPU
		{65822C52-F9FF-4211-AA0E-EA896CB82FBC}.Release|Any CPU.Build.0 = Release|Any CPU
	EndGlobalSection
	GlobalSection(SolutionProperties) = preSolution
		HideSolutionNode = FALSE
	EndGlobalSection
	GlobalSection(ExtensibilityGlobals) = postSolution
		SolutionGuid = {D4AD1CF0-CC72-48E7-B4DB-20DFBCC70F8B}
	EndGlobalSection
EndGlobal
